
Microsoft Visual Studio Solution File, Format Version 12.00
# Visual Studio Version 17
VisualStudioVersion = 17.14.36221.1
MinimumVisualStudioVersion = 10.0.40219.1
Project("{FAE04EC0-301F-11D3-BF4B-00C04F79EFBC}") = "libusf_cs", "libusf\libusf_cs.csproj", "{4029A56D-E484-4EA1-A2B3-1477013880F6}"
EndProject
Global
	GlobalSection(SolutionConfigurationPlatforms) = preSolution
		Debug|Any CPU = Debug|Any CPU
		Debug|x64 = Debug|x64
		Debug|x86 = Debug|x86
		Release|Any CPU = Release|Any CPU
		Release|x64 = Release|x64
		Release|x86 = Release|x86
	EndGlobalSection
	GlobalSection(ProjectConfigurationPlatforms) = postSolution
		{4029A56D-E484-4EA1-A2B3-1477013880F6}.Debug|Any CPU.ActiveCfg = Debug|Any CPU
		{4029A56D-E484-4EA1-A2B3-1477013880F6}.Debug|Any CPU.Build.0 = Debug|Any CPU
		{4029A56D-E484-4EA1-A2B3-1477013880F6}.Debug|x64.ActiveCfg = Debug|Any CPU
		{4029A56D-E484-4EA1-A2B3-1477013880F6}.Debug|x64.Build.0 = Debug|Any CPU
		{4029A56D-E484-4EA1-A2B3-1477013880F6}.Debug|x86.ActiveCfg = Debug|Any CPU
		{4029A56D-E484-4EA1-A2B3-1477013880F6}.Debug|x86.Build.0 = Debug|Any CPU
		{4029A56D-E484-4EA1-A2B3-1477013880F6}.Release|Any CPU.ActiveCfg = Release|Any CPU
		{4029A56D-E484-4EA1-A2B3-1477013880F6}.Release|Any CPU.Build.0 = Release|Any CPU
		{4029A56D-E484-4EA1-A2B3-1477013880F6}.Release|x64.ActiveCfg = Release|Any CPU
		{4029A56D-E484-4EA1-A2B3-1477013880F6}.Release|x64.Build.0 = Release|Any CPU
		{4029A56D-E484-4EA1-A2B3-1477013880F6}.Release|x86.ActiveCfg = Release|Any CPU
		{4029A56D-E484-4EA1-A2B3-1477013880F6}.Release|x86.Build.0 = Release|Any CPU
	EndGlobalSection
	GlobalSection(SolutionProperties) = preSolution
		HideSolutionNode = FALSE
	EndGlobalSection
	GlobalSection(ExtensibilityGlobals) = postSolution
		SolutionGuid = {BF83529C-8CFD-4327-B95B-305C1789F9EC}
	EndGlobalSection
EndGlobal
